
Microsoft Visual Studio Solution File, Format Version 12.00
Project("{FAE04EC0-301F-11D3-BF4B-00C04F79EFBC}") = "MiddlewareSample", "MiddlewareSample\MiddlewareSample.csproj", "{9F282702-CA54-4378-861D-07AA768B7376}"
EndProject
Global
	GlobalSection(SolutionConfigurationPlatforms) = preSolution
		Debug|Any CPU = Debug|Any CPU
		Release|Any CPU = Release|Any CPU
	EndGlobalSection
	GlobalSection(ProjectConfigurationPlatforms) = postSolution
		{9F282702-CA54-4378-861D-07AA768B7376}.Debug|Any CPU.ActiveCfg = Debug|Any CPU
		{9F282702-CA54-4378-861D-07AA768B7376}.Debug|Any CPU.Build.0 = Debug|Any CPU
		{9F282702-CA54-4378-861D-07AA768B7376}.Release|Any CPU.ActiveCfg = Release|Any CPU
		{9F282702-CA54-4378-861D-07AA768B7376}.Release|Any CPU.Build.0 = Release|Any CPU
	EndGlobalSection
EndGlobal
